
Microsoft Visual Studio Solution File, Format Version 12.00
# Visual Studio 2012
Project("{FAE04EC0-301F-11D3-BF4B-00C04F79EFBC}") = "OutlookProfileEditor", "OutlookProfileEditor\OutlookProfileEditor.csproj", "{B4D23085-312B-427F-A29A-5719AF2A5F91}"
EndProject
Global
	GlobalSection(SolutionConfigurationPlatforms) = preSolution
		Debug|Any CPU = Debug|Any CPU
		Release|Any CPU = Release|Any CPU
	EndGlobalSection
	GlobalSection(ProjectConfigurationPlatforms) = postSolution
		{B4D23085-312B-427F-A29A-5719AF2A5F91}.Debug|Any CPU.ActiveCfg = Debug|Any CPU
		{B4D23085-312B-427F-A29A-5719AF2A5F91}.Debug|Any CPU.Build.0 = Debug|Any CPU
		{B4D23085-312B-427F-A29A-5719AF2A5F91}.Release|Any CPU.ActiveCfg = Release|Any CPU
		{B4D23085-312B-427F-A29A-5719AF2A5F91}.Release|Any CPU.Build.0 = Release|Any CPU
	EndGlobalSection
	GlobalSection(SolutionProperties) = preSolution
		HideSolutionNode = FALSE
	EndGlobalSection
EndGlobal
